
Microsoft Visual Studio Solution File, Format Version 12.00
# Visual Studio Version 17
VisualStudioVersion = 17.8.34525.116
MinimumVisualStudioVersion = 10.0.40219.1
Project("{2150E333-8FDC-42A3-9474-1A3956D46DE8}") = "Presentation", "Presentation", "{E1985796-1E71-40D5-9826-89AD9D5967AE}"
EndProject
Project("{FAE04EC0-301F-11D3-BF4B-00C04F79EFBC}") = "Captcha.Api", "Captcha.Api\Captcha.Api.csproj", "{E4C43DAA-0DA3-4B02-92D3-AF87F85D642E}"
EndProject
Global
	GlobalSection(SolutionConfigurationPlatforms) = preSolution
		Debug|Any CPU = Debug|Any CPU
		Release|Any CPU = Release|Any CPU
	EndGlobalSection
	GlobalSection(ProjectConfigurationPlatforms) = postSolution
		{E4C43DAA-0DA3-4B02-92D3-AF87F85D642E}.Debug|Any CPU.ActiveCfg = Debug|Any CPU
		{E4C43DAA-0DA3-4B02-92D3-AF87F85D642E}.Debug|Any CPU.Build.0 = Debug|Any CPU
		{E4C43DAA-0DA3-4B02-92D3-AF87F85D642E}.Release|Any CPU.ActiveCfg = Release|Any CPU
		{E4C43DAA-0DA3-4B02-92D3-AF87F85D642E}.Release|Any CPU.Build.0 = Release|Any CPU
	EndGlobalSection
	GlobalSection(SolutionProperties) = preSolution
		HideSolutionNode = FALSE
	EndGlobalSection
	GlobalSection(NestedProjects) = preSolution
		{E4C43DAA-0DA3-4B02-92D3-AF87F85D642E} = {E1985796-1E71-40D5-9826-89AD9D5967AE}
	EndGlobalSection
	GlobalSection(ExtensibilityGlobals) = postSolution
		SolutionGuid = {27605B25-1B65-4C23-ABF0-F08D1D51F3AC}
	EndGlobalSection
EndGlobal
